{"is_source_file": false, "format": "", "description": "", "external_files": [], "external_methods": [], "published": [], "classes": [], "methods": [], "calls": [], "search-terms": [], "state": 2, "file_id": 34, "knowledge_revision": 81, "git_revision": "84a83cbdf88c7605e7596d06e16483f3e01497f9", "hash": "e9b4c3b42cef0193b7fddb548d37e652", "format-version": 4, "code-base-name": "default", "filename": "gallery_frontend_workspace/gallery_frontend/post_process_status.lock", "revision_history": [{"81": "84a83cbdf88c7605e7596d06e16483f3e01497f9"}]}